
Microsoft Visual Studio Solution File, Format Version 12.00
# Visual Studio Version 17
VisualStudioVersion = 17.0.32126.317
MinimumVisualStudioVersion = 10.0.40219.1
Project("{FAE04EC0-301F-11D3-BF4B-00C04F79EFBC}") = "ECommerce", "ECommerce.csproj", "{1004D14E-EC55-477B-A2B5-DB2B924EBB2E}"
EndProject
Global
	GlobalSection(SolutionConfigurationPlatforms) = preSolution
		Debug|Any CPU = Debug|Any CPU
		Release|Any CPU = Release|Any CPU
	EndGlobalSection
	GlobalSection(ProjectConfigurationPlatforms) = postSolution
		{1004D14E-EC55-477B-A2B5-DB2B924EBB2E}.Debug|Any CPU.ActiveCfg = Debug|Any CPU
		{1004D14E-EC55-477B-A2B5-DB2B924EBB2E}.Debug|Any CPU.Build.0 = Debug|Any CPU
		{1004D14E-EC55-477B-A2B5-DB2B924EBB2E}.Release|Any CPU.ActiveCfg = Release|Any CPU
		{1004D14E-EC55-477B-A2B5-DB2B924EBB2E}.Release|Any CPU.Build.0 = Release|Any CPU
	EndGlobalSection
	GlobalSection(SolutionProperties) = preSolution
		HideSolutionNode = FALSE
	EndGlobalSection
	GlobalSection(ExtensibilityGlobals) = postSolution
		SolutionGuid = {F41CD940-2F95-4715-B10E-A9568EBEA8E4}
	EndGlobalSection
EndGlobal
